// !$*UTF8*$!
{
	archiveVersion = 1;
	classes = {
	};
	objectVersion = 46;
	objects = {

/* Begin PBXBuildFile section */
		D14509E51BFE598B0041007F /* AppDelegate.swift in Sources */ = {isa = PBXBuildFile; fileRef = D14509E41BFE598B0041007F /* AppDelegate.swift */; };
		D14509E71BFE598B0041007F /* ViewController.swift in Sources */ = {isa = PBXBuildFile; fileRef = D14509E61BFE598B0041007F /* ViewController.swift */; };
		D14509EA1BFE598B0041007F /* Main.storyboard in Resources */ = {isa = PBXBuildFile; fileRef = D14509E81BFE598B0041007F /* Main.storyboard */; };
		D14509EC1BFE598B0041007F /* Assets.xcassets in Resources */ = {isa = PBXBuildFile; fileRef = D14509EB1BFE598B0041007F /* Assets.xcassets */; };
		D14509EF1BFE598B0041007F /* LaunchScreen.storyboard in Resources */ = {isa = PBXBuildFile; fileRef = D14509ED1BFE598B0041007F /* LaunchScreen.storyboard */; };
		D14509FA1BFE598C0041007F /* Web_Service_ExampleTests.swift in Sources */ = {isa = PBXBuildFile; fileRef = D14509F91BFE598C0041007F /* Web_Service_ExampleTests.swift */; };
		D1450A051BFE598C0041007F /* Web_Service_ExampleUITests.swift in Sources */ = {isa = PBXBuildFile; fileRef = D1450A041BFE598C0041007F /* Web_Service_ExampleUITests.swift */; };
		D1F094B01C04AE05000A0A5C /* AFHTTPRequestOperation.m in Sources */ = {isa = PBXBuildFile; fileRef = D1F0949E1C04AE05000A0A5C /* AFHTTPRequestOperation.m */; settings = {ASSET_TAGS = (); }; };
		D1F094B11C04AE05000A0A5C /* AFHTTPRequestOperationManager.m in Sources */ = {isa = PBXBuildFile; fileRef = D1F094A01C04AE05000A0A5C /* AFHTTPRequestOperationManager.m */; settings = {ASSET_TAGS = (); }; };
		D1F094B21C04AE05000A0A5C /* AFHTTPSessionManager.m in Sources */ = {isa = PBXBuildFile; fileRef = D1F094A21C04AE05000A0A5C /* AFHTTPSessionManager.m */; settings = {ASSET_TAGS = (); }; };
		D1F094B31C04AE05000A0A5C /* AFNetworkReachabilityManager.m in Sources */ = {isa = PBXBuildFile; fileRef = D1F094A51C04AE05000A0A5C /* AFNetworkReachabilityManager.m */; settings = {ASSET_TAGS = (); }; };
		D1F094B41C04AE05000A0A5C /* AFSecurityPolicy.m in Sources */ = {isa = PBXBuildFile; fileRef = D1F094A71C04AE05000A0A5C /* AFSecurityPolicy.m */; settings = {ASSET_TAGS = (); }; };
		D1F094B51C04AE05000A0A5C /* AFURLConnectionOperation.m in Sources */ = {isa = PBXBuildFile; fileRef = D1F094A91C04AE05000A0A5C /* AFURLConnectionOperation.m */; settings = {ASSET_TAGS = (); }; };
		D1F094B61C04AE05000A0A5C /* AFURLRequestSerialization.m in Sources */ = {isa = PBXBuildFile; fileRef = D1F094AB1C04AE05000A0A5C /* AFURLRequestSerialization.m */; settings = {ASSET_TAGS = (); }; };
		D1F094B71C04AE05000A0A5C /* AFURLResponseSerialization.m in Sources */ = {isa = PBXBuildFile; fileRef = D1F094AD1C04AE05000A0A5C /* AFURLResponseSerialization.m */; settings = {ASSET_TAGS = (); }; };
		D1F094B81C04AE05000A0A5C /* AFURLSessionManager.m in Sources */ = {isa = PBXBuildFile; fileRef = D1F094AF1C04AE05000A0A5C /* AFURLSessionManager.m */; settings = {ASSET_TAGS = (); }; };
/* End PBXBuildFile section */

/* Begin PBXContainerItemProxy section */
		D14509F61BFE598C0041007F /* PBXContainerItemProxy */ = {
			isa = PBXContainerItemProxy;
			containerPortal = D14509D91BFE598B0041007F /* Project object */;
			proxyType = 1;
			remoteGlobalIDString = D14509E01BFE598B0041007F;
			remoteInfo = "Web Service Example";
		};
		D1450A011BFE598C0041007F /* PBXContainerItemProxy */ = {
			isa = PBXContainerItemProxy;
			containerPortal = D14509D91BFE598B0041007F /* Project object */;
			proxyType = 1;
			remoteGlobalIDString = D14509E01BFE598B0041007F;
			remoteInfo = "Web Service Example";
		};
/* End PBXContainerItemProxy section */

/* Begin PBXFileReference section */
		D14509E11BFE598B0041007F /* Web Service Example.app */ = {isa = PBXFileReference; explicitFileType = wrapper.application; includeInIndex = 0; path = "Web Service Example.app"; sourceTree = BUILT_PRODUCTS_DIR; };
		D14509E41BFE598B0041007F /* AppDelegate.swift */ = {isa = PBXFileReference; lastKnownFileType = sourcecode.swift; path = AppDelegate.swift; sourceTree = "<group>"; };
		D14509E61BFE598B0041007F /* ViewController.swift */ = {isa = PBXFileReference; lastKnownFileType = sourcecode.swift; path = ViewController.swift; sourceTree = "<group>"; };
		D14509E91BFE598B0041007F /* Base */ = {isa = PBXFileReference; lastKnownFileType = file.storyboard; name = Base; path = Base.lproj/Main.storyboard; sourceTree = "<group>"; };
		D14509EB1BFE598B0041007F /* Assets.xcassets */ = {isa = PBXFileReference; lastKnownFileType = folder.assetcatalog; path = Assets.xcassets; sourceTree = "<group>"; };
		D14509EE1BFE598B0041007F /* Base */ = {isa = PBXFileReference; lastKnownFileType = file.storyboard; name = Base; path = Base.lproj/LaunchScreen.storyboard; sourceTree = "<group>"; };
		D14509F01BFE598B0041007F /* Info.plist */ = {isa = PBXFileReference; lastKnownFileType = text.plist.xml; path = Info.plist; sourceTree = "<group>"; };
		D14509F51BFE598C0041007F /* Web Service ExampleTests.xctest */ = {isa = PBXFileReference; explicitFileType = wrapper.cfbundle; includeInIndex = 0; path = "Web Service ExampleTests.xctest"; sourceTree = BUILT_PRODUCTS_DIR; };
		D14509F91BFE598C0041007F /* Web_Service_ExampleTests.swift */ = {isa = PBXFileReference; lastKnownFileType = sourcecode.swift; path = Web_Service_ExampleTests.swift; sourceTree = "<group>"; };
		D14509FB1BFE598C0041007F /* Info.plist */ = {isa = PBXFileReference; lastKnownFileType = text.plist.xml; path = Info.plist; sourceTree = "<group>"; };
		D1450A001BFE598C0041007F /* Web Service ExampleUITests.xctest */ = {isa = PBXFileReference; explicitFileType = wrapper.cfbundle; includeInIndex = 0; path = "Web Service ExampleUITests.xctest"; sourceTree = BUILT_PRODUCTS_DIR; };
		D1450A041BFE598C0041007F /* Web_Service_ExampleUITests.swift */ = {isa = PBXFileReference; lastKnownFileType = sourcecode.swift; path = Web_Service_ExampleUITests.swift; sourceTree = "<group>"; };
		D1450A061BFE598C0041007F /* Info.plist */ = {isa = PBXFileReference; lastKnownFileType = text.plist.xml; path = Info.plist; sourceTree = "<group>"; };
		D1EBC3681C04A7180073B2D0 /* bridge.h */ = {isa = PBXFileReference; fileEncoding = 4; lastKnownFileType = sourcecode.c.h; path = bridge.h; sourceTree = "<group>"; };
		D1F0949D1C04AE05000A0A5C /* AFHTTPRequestOperation.h */ = {isa = PBXFileReference; fileEncoding = 4; lastKnownFileType = sourcecode.c.h; path = AFHTTPRequestOperation.h; sourceTree = "<group>"; };
		D1F0949E1C04AE05000A0A5C /* AFHTTPRequestOperation.m */ = {isa = PBXFileReference; fileEncoding = 4; lastKnownFileType = sourcecode.c.objc; path = AFHTTPRequestOperation.m; sourceTree = "<group>"; };
		D1F0949F1C04AE05000A0A5C /* AFHTTPRequestOperationManager.h */ = {isa = PBXFileReference; fileEncoding = 4; lastKnownFileType = sourcecode.c.h; path = AFHTTPRequestOperationManager.h; sourceTree = "<group>"; };
		D1F094A01C04AE05000A0A5C /* AFHTTPRequestOperationManager.m */ = {isa = PBXFileReference; fileEncoding = 4; lastKnownFileType = sourcecode.c.objc; path = AFHTTPRequestOperationManager.m; sourceTree = "<group>"; };
		D1F094A11C04AE05000A0A5C /* AFHTTPSessionManager.h */ = {isa = PBXFileReference; fileEncoding = 4; lastKnownFileType = sourcecode.c.h; path = AFHTTPSessionManager.h; sourceTree = "<group>"; };
		D1F094A21C04AE05000A0A5C /* AFHTTPSessionManager.m */ = {isa = PBXFileReference; fileEncoding = 4; lastKnownFileType = sourcecode.c.objc; path = AFHTTPSessionManager.m; sourceTree = "<group>"; };
		D1F094A31C04AE05000A0A5C /* AFNetworking.h */ = {isa = PBXFileReference; fileEncoding = 4; lastKnownFileType = sourcecode.c.h; path = AFNetworking.h; sourceTree = "<group>"; };
		D1F094A41C04AE05000A0A5C /* AFNetworkReachabilityManager.h */ = {isa = PBXFileReference; fileEncoding = 4; lastKnownFileType = sourcecode.c.h; path = AFNetworkReachabilityManager.h; sourceTree = "<group>"; };
		D1F094A51C04AE05000A0A5C /* AFNetworkReachabilityManager.m */ = {isa = PBXFileReference; fileEncoding = 4; lastKnownFileType = sourcecode.c.objc; path = AFNetworkReachabilityManager.m; sourceTree = "<group>"; };
		D1F094A61C04AE05000A0A5C /* AFSecurityPolicy.h */ = {isa = PBXFileReference; fileEncoding = 4; lastKnownFileType = sourcecode.c.h; path = AFSecurityPolicy.h; sourceTree = "<group>"; };
		D1F094A71C04AE05000A0A5C /* AFSecurityPolicy.m */ = {isa = PBXFileReference; fileEncoding = 4; lastKnownFileType = sourcecode.c.objc; path = AFSecurityPolicy.m; sourceTree = "<group>"; };
		D1F094A81C04AE05000A0A5C /* AFURLConnectionOperation.h */ = {isa = PBXFileReference; fileEncoding = 4; lastKnownFileType = sourcecode.c.h; path = AFURLConnectionOperation.h; sourceTree = "<group>"; };
		D1F094A91C04AE05000A0A5C /* AFURLConnectionOperation.m */ = {isa = PBXFileReference; fileEncoding = 4; lastKnownFileType = sourcecode.c.objc; path = AFURLConnectionOperation.m; sourceTree = "<group>"; };
		D1F094AA1C04AE05000A0A5C /* AFURLRequestSerialization.h */ = {isa = PBXFileReference; fileEncoding = 4; lastKnownFileType = sourcecode.c.h; path = AFURLRequestSerialization.h; sourceTree = "<group>"; };
		D1F094AB1C04AE05000A0A5C /* AFURLRequestSerialization.m */ = {isa = PBXFileReference; fileEncoding = 4; lastKnownFileType = sourcecode.c.objc; path = AFURLRequestSerialization.m; sourceTree = "<group>"; };
		D1F094AC1C04AE05000A0A5C /* AFURLResponseSerialization.h */ = {isa = PBXFileReference; fileEncoding = 4; lastKnownFileType = sourcecode.c.h; path = AFURLResponseSerialization.h; sourceTree = "<group>"; };
		D1F094AD1C04AE05000A0A5C /* AFURLResponseSerialization.m */ = {isa = PBXFileReference; fileEncoding = 4; lastKnownFileType = sourcecode.c.objc; path = AFURLResponseSerialization.m; sourceTree = "<group>"; };
		D1F094AE1C04AE05000A0A5C /* AFURLSessionManager.h */ = {isa = PBXFileReference; fileEncoding = 4; lastKnownFileType = sourcecode.c.h; path = AFURLSessionManager.h; sourceTree = "<group>"; };
		D1F094AF1C04AE05000A0A5C /* AFURLSessionManager.m */ = {isa = PBXFileReference; fileEncoding = 4; lastKnownFileType = sourcecode.c.objc; path = AFURLSessionManager.m; sourceTree = "<group>"; };
/* End PBXFileReference section */

/* Begin PBXFrameworksBuildPhase section */
		D14509DE1BFE598B0041007F /* Frameworks */ = {
			isa = PBXFrameworksBuildPhase;
			buildActionMask = 2147483647;
			files = (
			);
			runOnlyForDeploymentPostprocessing = 0;
		};
		D14509F21BFE598C0041007F /* Frameworks */ = {
			isa = PBXFrameworksBuildPhase;
			buildActionMask = 2147483647;
			files = (
			);
			runOnlyForDeploymentPostprocessing = 0;
		};
		D14509FD1BFE598C0041007F /* Frameworks */ = {
			isa = PBXFrameworksBuildPhase;
			buildActionMask = 2147483647;
			files = (
			);
			runOnlyForDeploymentPostprocessing = 0;
		};
/* End PBXFrameworksBuildPhase section */

/* Begin PBXGroup section */
		D14509D81BFE598B0041007F = {
			isa = PBXGroup;
			children = (
				D1F0949C1C04AE05000A0A5C /* AFNetworking */,
				D1EBC3681C04A7180073B2D0 /* bridge.h */,
				D14509E31BFE598B0041007F /* Web Service Example */,
				D14509F81BFE598C0041007F /* Web Service ExampleTests */,
				D1450A031BFE598C0041007F /* Web Service ExampleUITests */,
				D14509E21BFE598B0041007F /* Products */,
			);
			sourceTree = "<group>";
		};
		D14509E21BFE598B0041007F /* Products */ = {
			isa = PBXGroup;
			children = (
				D14509E11BFE598B0041007F /* Web Service Example.app */,
				D14509F51BFE598C0041007F /* Web Service ExampleTests.xctest */,
				D1450A001BFE598C0041007F /* Web Service ExampleUITests.xctest */,
			);
			name = Products;
			sourceTree = "<group>";
		};
		D14509E31BFE598B0041007F /* Web Service Example */ = {
			isa = PBXGroup;
			children = (
				D14509E41BFE598B0041007F /* AppDelegate.swift */,
				D14509E61BFE598B0041007F /* ViewController.swift */,
				D14509E81BFE598B0041007F /* Main.storyboard */,
				D14509EB1BFE598B0041007F /* Assets.xcassets */,
				D14509ED1BFE598B0041007F /* LaunchScreen.storyboard */,
				D14509F01BFE598B0041007F /* Info.plist */,
			);
			path = "Web Service Example";
			sourceTree = "<group>";
		};
		D14509F81BFE598C0041007F /* Web Service ExampleTests */ = {
			isa = PBXGroup;
			children = (
				D14509F91BFE598C0041007F /* Web_Service_ExampleTests.swift */,
				D14509FB1BFE598C0041007F /* Info.plist */,
			);
			path = "Web Service ExampleTests";
			sourceTree = "<group>";
		};
		D1450A031BFE598C0041007F /* Web Service ExampleUITests */ = {
			isa = PBXGroup;
			children = (
				D1450A041BFE598C0041007F /* Web_Service_ExampleUITests.swift */,
				D1450A061BFE598C0041007F /* Info.plist */,
			);
			path = "Web Service ExampleUITests";
			sourceTree = "<group>";
		};
		D1F0949C1C04AE05000A0A5C /* AFNetworking */ = {
			isa = PBXGroup;
			children = (
				D1F0949D1C04AE05000A0A5C /* AFHTTPRequestOperation.h */,
				D1F0949E1C04AE05000A0A5C /* AFHTTPRequestOperation.m */,
				D1F0949F1C04AE05000A0A5C /* AFHTTPRequestOperationManager.h */,
				D1F094A01C04AE05000A0A5C /* AFHTTPRequestOperationManager.m */,
				D1F094A11C04AE05000A0A5C /* AFHTTPSessionManager.h */,
				D1F094A21C04AE05000A0A5C /* AFHTTPSessionManager.m */,
				D1F094A31C04AE05000A0A5C /* AFNetworking.h */,
				D1F094A41C04AE05000A0A5C /* AFNetworkReachabilityManager.h */,
				D1F094A51C04AE05000A0A5C /* AFNetworkReachabilityManager.m */,
				D1F094A61C04AE05000A0A5C /* AFSecurityPolicy.h */,
				D1F094A71C04AE05000A0A5C /* AFSecurityPolicy.m */,
				D1F094A81C04AE05000A0A5C /* AFURLConnectionOperation.h */,
				D1F094A91C04AE05000A0A5C /* AFURLConnectionOperation.m */,
				D1F094AA1C04AE05000A0A5C /* AFURLRequestSerialization.h */,
				D1F094AB1C04AE05000A0A5C /* AFURLRequestSerialization.m */,
				D1F094AC1C04AE05000A0A5C /* AFURLResponseSerialization.h */,
				D1F094AD1C04AE05000A0A5C /* AFURLResponseSerialization.m */,
				D1F094AE1C04AE05000A0A5C /* AFURLSessionManager.h */,
				D1F094AF1C04AE05000A0A5C /* AFURLSessionManager.m */,
			);
			path = AFNetworking;
			sourceTree = "<group>";
		};
/* End PBXGroup section */

/* Begin PBXNativeTarget section */
		D14509E01BFE598B0041007F /* Web Service Example */ = {
			isa = PBXNativeTarget;
			buildConfigurationList = D1450A091BFE598C0041007F /* Build configuration list for PBXNativeTarget "Web Service Example" */;
			buildPhases = (
				D14509DD1BFE598B0041007F /* Sources */,
				D14509DE1BFE598B0041007F /* Frameworks */,
				D14509DF1BFE598B0041007F /* Resources */,
			);
			buildRules = (
			);
			dependencies = (
			);
			name = "Web Service Example";
			productName = "Web Service Example";
			productReference = D14509E11BFE598B0041007F /* Web Service Example.app */;
			productType = "com.apple.product-type.application";
		};
		D14509F41BFE598C0041007F /* Web Service ExampleTests */ = {
			isa = PBXNativeTarget;
			buildConfigurationList = D1450A0C1BFE598C0041007F /* Build configuration list for PBXNativeTarget "Web Service ExampleTests" */;
			buildPhases = (
				D14509F11BFE598C0041007F /* Sources */,
				D14509F21BFE598C0041007F /* Frameworks */,
				D14509F31BFE598C0041007F /* Resources */,
			);
			buildRules = (
			);
			dependencies = (
				D14509F71BFE598C0041007F /* PBXTargetDependency */,
			);
			name = "Web Service ExampleTests";
			productName = "Web Service ExampleTests";
			productReference = D14509F51BFE598C0041007F /* Web Service ExampleTests.xctest */;
			productType = "com.apple.product-type.bundle.unit-test";
		};
		D14509FF1BFE598C0041007F /* Web Service ExampleUITests */ = {
			isa = PBXNativeTarget;
			buildConfigurationList = D1450A0F1BFE598C0041007F /* Build configuration list for PBXNativeTarget "Web Service ExampleUITests" */;
			buildPhases = (
				D14509FC1BFE598C0041007F /* Sources */,
				D14509FD1BFE598C0041007F /* Frameworks */,
				D14509FE1BFE598C0041007F /* Resources */,
			);
			buildRules = (
			);
			dependencies = (
				D1450A021BFE598C0041007F /* PBXTargetDependency */,
			);
			name = "Web Service ExampleUITests";
			productName = "Web Service ExampleUITests";
			productReference = D1450A001BFE598C0041007F /* Web Service ExampleUITests.xctest */;
			productType = "com.apple.product-type.bundle.ui-testing";
		};
/* End PBXNativeTarget section */

/* Begin PBXProject section */
		D14509D91BFE598B0041007F /* Project object */ = {
			isa = PBXProject;
			attributes = {
				LastUpgradeCheck = 0700;
				ORGANIZATIONNAME = "Rosalyn Koscica";
				TargetAttributes = {
					D14509E01BFE598B0041007F = {
						CreatedOnToolsVersion = 7.0.1;
					};
					D14509F41BFE598C0041007F = {
						CreatedOnToolsVersion = 7.0.1;
						TestTargetID = D14509E01BFE598B0041007F;
					};
					D14509FF1BFE598C0041007F = {
						CreatedOnToolsVersion = 7.0.1;
						TestTargetID = D14509E01BFE598B0041007F;
					};
				};
			};
			buildConfigurationList = D14509DC1BFE598B0041007F /* Build configuration list for PBXProject "Web Service Example" */;
			compatibilityVersion = "Xcode 3.2";
			developmentRegion = English;
			hasScannedForEncodings = 0;
			knownRegions = (
				en,
				Base,
			);
			mainGroup = D14509D81BFE598B0041007F;
			productRefGroup = D14509E21BFE598B0041007F /* Products */;
			projectDirPath = "";
			projectRoot = "";
			targets = (
				D14509E01BFE598B0041007F /* Web Service Example */,
				D14509F41BFE598C0041007F /* Web Service ExampleTests */,
				D14509FF1BFE598C0041007F /* Web Service ExampleUITests */,
			);
		};
/* End PBXProject section */

/* Begin PBXResourcesBuildPhase section */
		D14509DF1BFE598B0041007F /* Resources */ = {
			isa = PBXResourcesBuildPhase;
			buildActionMask = 2147483647;
			files = (
				D14509EF1BFE598B0041007F /* LaunchScreen.storyboard in Resources */,
				D14509EC1BFE598B0041007F /* Assets.xcassets in Resources */,
				D14509EA1BFE598B0041007F /* Main.storyboard in Resources */,
			);
			runOnlyForDeploymentPostprocessing = 0;
		};
		D14509F31BFE598C0041007F /* Resources */ = {
			isa = PBXResourcesBuildPhase;
			buildActionMask = 2147483647;
			files = (
			);
			runOnlyForDeploymentPostprocessing = 0;
		};
		D14509FE1BFE598C0041007F /* Resources */ = {
			isa = PBXResourcesBuildPhase;
			buildActionMask = 2147483647;
			files = (
			);
			runOnlyForDeploymentPostprocessing = 0;
		};
/* End PBXResourcesBuildPhase section */

/* Begin PBXSourcesBuildPhase section */
		D14509DD1BFE598B0041007F /* Sources */ = {
			isa = PBXSourcesBuildPhase;
			buildActionMask = 2147483647;
			files = (
				D1F094B61C04AE05000A0A5C /* AFURLRequestSerialization.m in Sources */,
				D1F094B51C04AE05000A0A5C /* AFURLConnectionOperation.m in Sources */,
				D1F094B41C04AE05000A0A5C /* AFSecurityPolicy.m in Sources */,
				D1F094B01C04AE05000A0A5C /* AFHTTPRequestOperation.m in Sources */,
				D1F094B81C04AE05000A0A5C /* AFURLSessionManager.m in Sources */,
				D1F094B71C04AE05000A0A5C /* AFURLResponseSerialization.m in Sources */,
				D14509E71BFE598B0041007F /* ViewController.swift in Sources */,
				D1F094B21C04AE05000A0A5C /* AFHTTPSessionManager.m in Sources */,
				D1F094B11C04AE05000A0A5C /* AFHTTPRequestOperationManager.m in Sources */,
				D1F094B31C04AE05000A0A5C /* AFNetworkReachabilityManager.m in Sources */,
				D14509E51BFE598B0041007F /* AppDelegate.swift in Sources */,
			);
			runOnlyForDeploymentPostprocessing = 0;
		};
		D14509F11BFE598C0041007F /* Sources */ = {
			isa = PBXSourcesBuildPhase;
			buildActionMask = 2147483647;
			files = (
				D14509FA1BFE598C0041007F /* Web_Service_ExampleTests.swift in Sources */,
			);
			runOnlyForDeploymentPostprocessing = 0;
		};
		D14509FC1BFE598C0041007F /* Sources */ = {
			isa = PBXSourcesBuildPhase;
			buildActionMask = 2147483647;
			files = (
				D1450A051BFE598C0041007F /* Web_Service_ExampleUITests.swift in Sources */,
			);
			runOnlyForDeploymentPostprocessing = 0;
		};
/* End PBXSourcesBuildPhase section */

/* Begin PBXTargetDependency section */
		D14509F71BFE598C0041007F /* PBXTargetDependency */ = {
			isa = PBXTargetDependency;
			target = D14509E01BFE598B0041007F /* Web Service Example */;
			targetProxy = D14509F61BFE598C0041007F /* PBXContainerItemProxy */;
		};
		D1450A021BFE598C0041007F /* PBXTargetDependency */ = {
			isa = PBXTargetDependency;
			target = D14509E01BFE598B0041007F /* Web Service Example */;
			targetProxy = D1450A011BFE598C0041007F /* PBXContainerItemProxy */;
		};
/* End PBXTargetDependency section */

/* Begin PBXVariantGroup section */
		D14509E81BFE598B0041007F /* Main.storyboard */ = {
			isa = PBXVariantGroup;
			children = (
				D14509E91BFE598B0041007F /* Base */,
			);
			name = Main.storyboard;
			sourceTree = "<group>";
		};
		D14509ED1BFE598B0041007F /* LaunchScreen.storyboard */ = {
			isa = PBXVariantGroup;
			children = (
				D14509EE1BFE598B0041007F /* Base */,
			);
			name = LaunchScreen.storyboard;
			sourceTree = "<group>";
		};
/* End PBXVariantGroup section */

/* Begin XCBuildConfiguration section */
		D1450A071BFE598C0041007F /* Debug */ = {
			isa = XCBuildConfiguration;
			buildSettings = {
				ALWAYS_SEARCH_USER_PATHS = NO;
				CLANG_CXX_LANGUAGE_STANDARD = "gnu++0x";
				CLANG_CXX_LIBRARY = "libc++";
				CLANG_ENABLE_MODULES = YES;
				CLANG_ENABLE_OBJC_ARC = YES;
				CLANG_WARN_BOOL_CONVERSION = YES;
				CLANG_WARN_CONSTANT_CONVERSION = YES;
				CLANG_WARN_DIRECT_OBJC_ISA_USAGE = YES_ERROR;
				CLANG_WARN_EMPTY_BODY = YES;
				CLANG_WARN_ENUM_CONVERSION = YES;
				CLANG_WARN_INT_CONVERSION = YES;
				CLANG_WARN_OBJC_ROOT_CLASS = YES_ERROR;
				CLANG_WARN_UNREACHABLE_CODE = YES;
				CLANG_WARN__DUPLICATE_METHOD_MATCH = YES;
				"CODE_SIGN_IDENTITY[sdk=iphoneos*]" = "iPhone Developer";
				COPY_PHASE_STRIP = NO;
				DEBUG_INFORMATION_FORMAT = dwarf;
				ENABLE_STRICT_OBJC_MSGSEND = YES;
				ENABLE_TESTABILITY = YES;
				GCC_C_LANGUAGE_STANDARD = gnu99;
				GCC_DYNAMIC_NO_PIC = NO;
				GCC_NO_COMMON_BLOCKS = YES;
				GCC_OPTIMIZATION_LEVEL = 0;
				GCC_PREPROCESSOR_DEFINITIONS = (
					"DEBUG=1",
					"$(inherited)",
				);
				GCC_WARN_64_TO_32_BIT_CONVERSION = YES;
				GCC_WARN_ABOUT_RETURN_TYPE = YES_ERROR;
				GCC_WARN_UNDECLARED_SELECTOR = YES;
				GCC_WARN_UNINITIALIZED_AUTOS = YES_AGGRESSIVE;
				GCC_WARN_UNUSED_FUNCTION = YES;
				GCC_WARN_UNUSED_VARIABLE = YES;
				IPHONEOS_DEPLOYMENT_TARGET = 9.0;
				MTL_ENABLE_DEBUG_INFO = YES;
				ONLY_ACTIVE_ARCH = YES;
				SDKROOT = iphoneos;
				SWIFT_OPTIMIZATION_LEVEL = "-Onone";
				TARGETED_DEVICE_FAMILY = "1,2";
			};
			name = Debug;
		};
		D1450A081BFE598C0041007F /* Release */ = {
			isa = XCBuildConfiguration;
			buildSettings = {
				ALWAYS_SEARCH_USER_PATHS = NO;
				CLANG_CXX_LANGUAGE_STANDARD = "gnu++0x";
				CLANG_CXX_LIBRARY = "libc++";
				CLANG_ENABLE_MODULES = YES;
				CLANG_ENABLE_OBJC_ARC = YES;
				CLANG_WARN_BOOL_CONVERSION = YES;
				CLANG_WARN_CONSTANT_CONVERSION = YES;
				CLANG_WARN_DIRECT_OBJC_ISA_USAGE = YES_ERROR;
				CLANG_WARN_EMPTY_BODY = YES;
				CLANG_WARN_ENUM_CONVERSION = YES;
				CLANG_WARN_INT_CONVERSION = YES;
				CLANG_WARN_OBJC_ROOT_CLASS = YES_ERROR;
				CLANG_WARN_UNREACHABLE_CODE = YES;
				CLANG_WARN__DUPLICATE_METHOD_MATCH = YES;
				"CODE_SIGN_IDENTITY[sdk=iphoneos*]" = "iPhone Developer";
				COPY_PHASE_STRIP = NO;
				DEBUG_INFORMATION_FORMAT = "dwarf-with-dsym";
				ENABLE_NS_ASSERTIONS = NO;
				ENABLE_STRICT_OBJC_MSGSEND = YES;
				GCC_C_LANGUAGE_STANDARD = gnu99;
				GCC_NO_COMMON_BLOCKS = YES;
				GCC_WARN_64_TO_32_BIT_CONVERSION = YES;
				GCC_WARN_ABOUT_RETURN_TYPE = YES_ERROR;
				GCC_WARN_UNDECLARED_SELECTOR = YES;
				GCC_WARN_UNINITIALIZED_AUTOS = YES_AGGRESSIVE;
				GCC_WARN_UNUSED_FUNCTION = YES;
				GCC_WARN_UNUSED_VARIABLE = YES;
				IPHONEOS_DEPLOYMENT_TARGET = 9.0;
				MTL_ENABLE_DEBUG_INFO = NO;
				SDKROOT = iphoneos;
				TARGETED_DEVICE_FAMILY = "1,2";
				VALIDATE_PRODUCT = YES;
			};
			name = Release;
		};
		D1450A0A1BFE598C0041007F /* Debug */ = {
			isa = XCBuildConfiguration;
			buildSettings = {
				ASSETCATALOG_COMPILER_APPICON_NAME = AppIcon;
				DEFINES_MODULE = YES;
				INFOPLIST_FILE = "Web Service Example/Info.plist";
				LD_RUNPATH_SEARCH_PATHS = "$(inherited) @executable_path/Frameworks";
				PRODUCT_BUNDLE_IDENTIFIER = "applab.Web-Service-Example";
				PRODUCT_NAME = "$(TARGET_NAME)";
				SWIFT_OBJC_BRIDGING_HEADER = bridge.h;
			};
			name = Debug;
		};
		D1450A0B1BFE598C0041007F /* Release */ = {
			isa = XCBuildConfiguration;
			buildSettings = {
				ASSETCATALOG_COMPILER_APPICON_NAME = AppIcon;
				DEFINES_MODULE = YES;
				INFOPLIST_FILE = "Web Service Example/Info.plist";
				LD_RUNPATH_SEARCH_PATHS = "$(inherited) @executable_path/Frameworks";
				PRODUCT_BUNDLE_IDENTIFIER = "applab.Web-Service-Example";
				PRODUCT_NAME = "$(TARGET_NAME)";
				SWIFT_OBJC_BRIDGING_HEADER = bridge.h;
			};
			name = Release;
		};
		D1450A0D1BFE598C0041007F /* Debug */ = {
			isa = XCBuildConfiguration;
			buildSettings = {
				BUNDLE_LOADER = "$(TEST_HOST)";
				INFOPLIST_FILE = "Web Service ExampleTests/Info.plist";
				LD_RUNPATH_SEARCH_PATHS = "$(inherited) @executable_path/Frameworks @loader_path/Frameworks";
				PRODUCT_BUNDLE_IDENTIFIER = "applab.Web-Service-ExampleTests";
				PRODUCT_NAME = "$(TARGET_NAME)";
				TEST_HOST = "$(BUILT_PRODUCTS_DIR)/Web Service Example.app/Web Service Example";
			};
			name = Debug;
		};
		D1450A0E1BFE598C0041007F /* Release */ = {
			isa = XCBuildConfiguration;
			buildSettings = {
				BUNDLE_LOADER = "$(TEST_HOST)";
				INFOPLIST_FILE = "Web Service ExampleTests/Info.plist";
				LD_RUNPATH_SEARCH_PATHS = "$(inherited) @executable_path/Frameworks @loader_path/Frameworks";
				PRODUCT_BUNDLE_IDENTIFIER = "applab.Web-Service-ExampleTests";
				PRODUCT_NAME = "$(TARGET_NAME)";
				TEST_HOST = "$(BUILT_PRODUCTS_DIR)/Web Service Example.app/Web Service Example";
			};
			name = Release;
		};
		D1450A101BFE598C0041007F /* Debug */ = {
			isa = XCBuildConfiguration;
			buildSettings = {
				INFOPLIST_FILE = "Web Service ExampleUITests/Info.plist";
				LD_RUNPATH_SEARCH_PATHS = "$(inherited) @executable_path/Frameworks @loader_path/Frameworks";
				PRODUCT_BUNDLE_IDENTIFIER = "applab.Web-Service-ExampleUITests";
				PRODUCT_NAME = "$(TARGET_NAME)";
				TEST_TARGET_NAME = "Web Service Example";
				USES_XCTRUNNER = YES;
			};
			name = Debug;
		};
		D1450A111BFE598C0041007F /* Release */ = {
			isa = XCBuildConfiguration;
			buildSettings = {
				INFOPLIST_FILE = "Web Service ExampleUITests/Info.plist";
				LD_RUNPATH_SEARCH_PATHS = "$(inherited) @executable_path/Frameworks @loader_path/Frameworks";
				PRODUCT_BUNDLE_IDENTIFIER = "applab.Web-Service-ExampleUITests";
				PRODUCT_NAME = "$(TARGET_NAME)";
				TEST_TARGET_NAME = "Web Service Example";
				USES_XCTRUNNER = YES;
			};
			name = Release;
		};
/* End XCBuildConfiguration section */

/* Begin XCConfigurationList section */
		D14509DC1BFE598B0041007F /* Build configuration list for PBXProject "Web Service Example" */ = {
			isa = XCConfigurationList;
			buildConfigurations = (
				D1450A071BFE598C0041007F /* Debug */,
				D1450A081BFE598C0041007F /* Release */,
			);
			defaultConfigurationIsVisible = 0;
			defaultConfigurationName = Release;
		};
		D1450A091BFE598C0041007F /* Build configuration list for PBXNativeTarget "Web Service Example" */ = {
			isa = XCConfigurationList;
			buildConfigurations = (
				D1450A0A1BFE598C0041007F /* Debug */,
				D1450A0B1BFE598C0041007F /* Release */,
			);
			defaultConfigurationIsVisible = 0;
			defaultConfigurationName = Release;
		};
		D1450A0C1BFE598C0041007F /* Build configuration list for PBXNativeTarget "Web Service ExampleTests" */ = {
			isa = XCConfigurationList;
			buildConfigurations = (
				D1450A0D1BFE598C0041007F /* Debug */,
				D1450A0E1BFE598C0041007F /* Release */,
			);
			defaultConfigurationIsVisible = 0;
			defaultConfigurationName = Release;
		};
		D1450A0F1BFE598C0041007F /* Build configuration list for PBXNativeTarget "Web Service ExampleUITests" */ = {
			isa = XCConfigurationList;
			buildConfigurations = (
				D1450A101BFE598C0041007F /* Debug */,
				D1450A111BFE598C0041007F /* Release */,
			);
			defaultConfigurationIsVisible = 0;
			defaultConfigurationName = Release;
		};
/* End XCConfigurationList section */
	};
	rootObject = D14509D91BFE598B0041007F /* Project object */;
}
